{
  "name": "toni-portfolio",
  "version": "1.0.0",
  "lockfileVersion": 2,
  "requires": true,
  "packages": {
    "": {
      "name": "toni-portfolio",
      "version": "1.0.0",
      "license": "MIT",
      "dependencies": {
        "emailjs": "^3.7.0",
        "materialize-css": "^1.0.0-rc.2"
      }
    },
    "node_modules/emailjs": {
      "version": "3.7.0",
      "resolved": "https://registry.npmjs.org/emailjs/-/emailjs-3.7.0.tgz",
      "integrity": "sha512-eLHvGdSaLyn2su51y5BJqdKVxVK77kyW/oesw5lQk7fDIANYqi9LEF7zhw2Rf/vN0t8QAdAy30Ju/SCi8HHuTg==",
      "engines": {
        "node": ">=10"
      }
    },
    "node_modules/materialize-css": {
      "version": "1.0.0-rc.2",
      "resolved": "https://registry.npmjs.org/materialize-css/-/materialize-css-1.0.0-rc.2.tgz",
      "integrity": "sha512-FuQmSyq4Qv0ov7A2qXw0E6/jbQzSWx2P1pg2/XQDYTkkSc/GyiFAxu3fw9zgShwuTvyumEiw5jkxQWT9siqMBQ=="
    }
  },
  "dependencies": {
    "emailjs": {
      "version": "3.7.0",
      "resolved": "https://registry.npmjs.org/emailjs/-/emailjs-3.7.0.tgz",
      "integrity": "sha512-eLHvGdSaLyn2su51y5BJqdKVxVK77kyW/oesw5lQk7fDIANYqi9LEF7zhw2Rf/vN0t8QAdAy30Ju/SCi8HHuTg=="
    },
    "materialize-css": {
      "version": "1.0.0-rc.2",
      "resolved": "https://registry.npmjs.org/materialize-css/-/materialize-css-1.0.0-rc.2.tgz",
      "integrity": "sha512-FuQmSyq4Qv0ov7A2qXw0E6/jbQzSWx2P1pg2/XQDYTkkSc/GyiFAxu3fw9zgShwuTvyumEiw5jkxQWT9siqMBQ=="
    }
  }
}
